
Microsoft Visual Studio Solution File, Format Version 12.00
# Visual Studio Version 17
VisualStudioVersion = 17.7.34202.233
MinimumVisualStudioVersion = 10.0.40219.1
Project("{9A19103F-16F7-4668-BE54-9A1E7A4F7556}") = "Lab2-2.4", "Lab2-22520098-2.4-2.6\Lab2-2.4.csproj", "{EC782A41-E4B3-4583-9F38-EE4A9A846007}"
EndProject
Project("{FAE04EC0-301F-11D3-BF4B-00C04F79EFBC}") = "Lab2-2.6", "Lab2-2.6\Lab2-2.6.csproj", "{3E9B85E2-4457-48FD-BEB1-422A41A7C5B5}"
EndProject
Global
	GlobalSection(SolutionConfigurationPlatforms) = preSolution
		Debug|Any CPU = Debug|Any CPU
		Release|Any CPU = Release|Any CPU
	EndGlobalSection
	GlobalSection(ProjectConfigurationPlatforms) = postSolution
		{EC782A41-E4B3-4583-9F38-EE4A9A846007}.Debug|Any CPU.ActiveCfg = Debug|Any CPU
		{EC782A41-E4B3-4583-9F38-EE4A9A846007}.Debug|Any CPU.Build.0 = Debug|Any CPU
		{EC782A41-E4B3-4583-9F38-EE4A9A846007}.Release|Any CPU.ActiveCfg = Release|Any CPU
		{EC782A41-E4B3-4583-9F38-EE4A9A846007}.Release|Any CPU.Build.0 = Release|Any CPU
		{3E9B85E2-4457-48FD-BEB1-422A41A7C5B5}.Debug|Any CPU.ActiveCfg = Debug|Any CPU
		{3E9B85E2-4457-48FD-BEB1-422A41A7C5B5}.Debug|Any CPU.Build.0 = Debug|Any CPU
		{3E9B85E2-4457-48FD-BEB1-422A41A7C5B5}.Release|Any CPU.ActiveCfg = Release|Any CPU
		{3E9B85E2-4457-48FD-BEB1-422A41A7C5B5}.Release|Any CPU.Build.0 = Release|Any CPU
	EndGlobalSection
	GlobalSection(SolutionProperties) = preSolution
		HideSolutionNode = FALSE
	EndGlobalSection
	GlobalSection(ExtensibilityGlobals) = postSolution
		SolutionGuid = {58FC2FDE-2465-4C21-999A-F1E4BEA44711}
	EndGlobalSection
EndGlobal
